<?xml version="1.0" encoding="utf-8"?>
<Project ToolsVersion="4.0" xmlns="http://schemas.microsoft.com/developer/msbuild/2003">
  <ItemGroup>
    <Filter Include="소스 파일">
      <UniqueIdentifier>{4FC737F1-C7A5-4376-A066-2A32D752A2FF}</UniqueIdentifier>
      <Extensions>cpp;c;cc;cxx;def;odl;idl;hpj;bat;asm;asmx</Extensions>
    </Filter>
    <Filter Include="헤더 파일">
      <UniqueIdentifier>{93995380-89BD-4b04-88EB-625FBE52EBFB}</UniqueIdentifier>
      <Extensions>h;hh;hpp;hxx;hm;inl;inc;xsd</Extensions>
    </Filter>
    <Filter Include="리소스 파일">
      <UniqueIdentifier>{67DA6AB6-F800-4c08-8B7A-83BB121AAD01}</UniqueIdentifier>
      <Extensions>rc;ico;cur;bmp;dlg;rc2;rct;bin;rgs;gif;jpg;jpeg;jpe;resx;tiff;tif;png;wav;mfcribbon-ms</Extensions>
    </Filter>
  </ItemGroup>
  <ItemGroup>
    <ClInclude Include="emscripten.h">
      <Filter>헤더 파일</Filter>
    </ClInclude>
    <ClInclude Include="GL\glfw.h">
      <Filter>헤더 파일</Filter>
    </ClInclude>
    <ClInclude Include="emscripten\html5.h">
      <Filter>헤더 파일</Filter>
    </ClInclude>
    <ClInclude Include="X11\extensions\extutil.h">
      <Filter>헤더 파일</Filter>
    </ClInclude>
    <ClInclude Include="X11\extensions\shm.h">
      <Filter>헤더 파일</Filter>
    </ClInclude>
    <ClInclude Include="X11\extensions\Xext.h">
      <Filter>헤더 파일</Filter>
    </ClInclude>
    <ClInclude Include="X11\extensions\XKB.h">
      <Filter>헤더 파일</Filter>
    </ClInclude>
    <ClInclude Include="X11\extensions\XKBstr.h">
      <Filter>헤더 파일</Filter>
    </ClInclude>
    <ClInclude Include="X11\extensions\XShm.h">
      <Filter>헤더 파일</Filter>
    </ClInclude>
    <ClInclude Include="X11\cursorfont.h">
      <Filter>헤더 파일</Filter>
    </ClInclude>
    <ClInclude Include="X11\keysym.h">
      <Filter>헤더 파일</Filter>
    </ClInclude>
    <ClInclude Include="X11\keysymdef.h">
      <Filter>헤더 파일</Filter>
    </ClInclude>
    <ClInclude Include="X11\X.h">
      <Filter>헤더 파일</Filter>
    </ClInclude>
    <ClInclude Include="X11\Xatom.h">
      <Filter>헤더 파일</Filter>
    </ClInclude>
    <ClInclude Include="X11\Xfuncproto.h">
      <Filter>헤더 파일</Filter>
    </ClInclude>
    <ClInclude Include="X11\Xfuncs.h">
      <Filter>헤더 파일</Filter>
    </ClInclude>
    <ClInclude Include="X11\XKBlib.h">
      <Filter>헤더 파일</Filter>
    </ClInclude>
    <ClInclude Include="X11\Xlib.h">
      <Filter>헤더 파일</Filter>
    </ClInclude>
    <ClInclude Include="X11\XlibConf.h">
      <Filter>헤더 파일</Filter>
    </ClInclude>
    <ClInclude Include="X11\Xlibint.h">
      <Filter>헤더 파일</Filter>
    </ClInclude>
    <ClInclude Include="X11\Xmd.h">
      <Filter>헤더 파일</Filter>
    </ClInclude>
    <ClInclude Include="X11\Xosdefs.h">
      <Filter>헤더 파일</Filter>
    </ClInclude>
    <ClInclude Include="X11\Xproto.h">
      <Filter>헤더 파일</Filter>
    </ClInclude>
    <ClInclude Include="X11\Xprotostr.h">
      <Filter>헤더 파일</Filter>
    </ClInclude>
    <ClInclude Include="X11\Xutil.h">
      <Filter>헤더 파일</Filter>
    </ClInclude>
    <ClInclude Include="KHR\khrplatform.h">
      <Filter>헤더 파일</Filter>
    </ClInclude>
    <ClInclude Include="AL\al.h">
      <Filter>헤더 파일</Filter>
    </ClInclude>
    <ClInclude Include="AL\alc.h">
      <Filter>헤더 파일</Filter>
    </ClInclude>
    <ClInclude Include="emscripten\bind.h">
      <Filter>헤더 파일</Filter>
    </ClInclude>
    <ClInclude Include="emscripten\fetch.h">
      <Filter>헤더 파일</Filter>
    </ClInclude>
  </ItemGroup>
  <ItemGroup>
    <ClCompile Include="emscripten.cpp">
      <Filter>소스 파일</Filter>
    </ClCompile>
    <ClCompile Include="GL\glfw.cpp">
      <Filter>소스 파일</Filter>
    </ClCompile>
    <ClCompile Include="emscripten\html5.cpp">
      <Filter>소스 파일</Filter>
    </ClCompile>
  </ItemGroup>
</Project>